{
  "version": 1,
  "dependencies": {
    "net8.0-windows10.0.19041": {
      "CommunityToolkit.WinUI.Media": {
        "type": "Direct",
        "requested": "[8.0.230907, )",
        "resolved": "8.0.230907",
        "contentHash": "9eZGWZwZ9r3zYVC5nuf8GYxBM+Bt1ju8t8itoBL3J5GjnVJFxtvY6g5zIiXoRjCnYcWDYylT13hEy1ij9OCOYA==",
        "dependencies": {
          "CommunityToolkit.WinUI.Animations": "8.0.230907",
          "Microsoft.Graphics.Win2D": "1.0.5.1",
          "Microsoft.Windows.SDK.BuildTools": "10.0.22621.756",
          "Microsoft.WindowsAppSDK": "1.3.230331000"
        }
      },
      "Google.Protobuf": {
        "type": "Direct",
        "requested": "[3.36.0, )",
        "resolved": "3.36.0",
        "contentHash": "wDPg8sKlmA8we1bqnC9DYKwLog4PNJ4GYTWV9FkzlGvfs3kNCSt2x0Qe31SBOeBPS2JGEZ/lNfil/Bkwx18Ufg=="
      },
      "Grpc.Net.Client": {
        "type": "Direct",
        "requested": "[2.83.0, )",
        "resolved": "2.83.0",
        "contentHash": "dHYtx7hW4muttsCrWNG4/Ysb1iAIhNPEq28eo7vF166CdXn/RXOr3SGvSreIGIjvmdrADrBNJ2cUeJBto/T0XA==",
        "dependencies": {
          "Grpc.Net.Common": "2.83.0",
          "Microsoft.Extensions.Logging.Abstractions": "8.0.0"
        }
      },
      "Microsoft.Graphics.Win2D": {
        "type": "Direct",
        "requested": "[1.3.2, )",
        "resolved": "1.3.2",
        "contentHash": "xAv4+Xj8wePW1innIUSXebX6UHMGDzOxwKPwYNUNY7mBrsRL/hPFEtuPLpBSxc3iBnuaCogPDCDeN7T4b1xV0Q==",
        "dependencies": {
          "Microsoft.WindowsAppSDK": "1.6.241114003"
        }
      },
      "Microsoft.Windows.SDK.BuildTools": {
        "type": "Direct",
        "requested": "[10.0.26100.7175, )",
        "resolved": "10.0.26100.7175",
        "contentHash": "8Ln51aKMOhnjOAIehd2EGBOL2+ZIsT96OUd7YVA/+9fYiAbzFI/u6kJMYX+XtW1FUsMLGsF4Fba3cBXlCKHV+w=="
      },
      "Microsoft.WindowsAppSDK": {
        "type": "Direct",
        "requested": "[1.8.251106002, )",
        "resolved": "1.8.251106002",
        "contentHash": "IiDYOHJahku9GuajXLCNWkrhsG+Fbd2GsWpINLXhm3nF8mXzGPmFtateotJWnE0BKCa4Ua1+O4nYJ4gUC9+NXg==",
        "dependencies": {
          "Microsoft.WindowsAppSDK.AI": "[1.8.39]",
          "Microsoft.WindowsAppSDK.Base": "[1.8.250831001]",
          "Microsoft.WindowsAppSDK.DWrite": "[1.8.25090401]",
          "Microsoft.WindowsAppSDK.Foundation": "[1.8.251104000]",
          "Microsoft.WindowsAppSDK.InteractiveExperiences": "[1.8.251104001]",
          "Microsoft.WindowsAppSDK.ML": "[1.8.2109]",
          "Microsoft.WindowsAppSDK.Runtime": "[1.8.251106002]",
          "Microsoft.WindowsAppSDK.Widgets": "[1.8.250904007]",
          "Microsoft.WindowsAppSDK.WinUI": "[1.8.251105000]"
        }
      },
      "System.Security.Cryptography.ProtectedData": {
        "type": "Direct",
        "requested": "[8.0.0, )",
        "resolved": "8.0.0",
        "contentHash": "+TUFINV2q2ifyXauQXRwy4CiBhqvDEDZeVJU7qfxya4aRYOKzVBpN+4acx25VcPB9ywUN6C0n8drWl110PhZEg=="
      },
      "CommunityToolkit.Common": {
        "type": "Transitive",
        "resolved": "8.2.1",
        "contentHash": "LWuhy8cQKJ/MYcy3XafJ916U3gPH/YDvYoNGWyQWN11aiEKCZszzPOTJAOvBjP9yG8vHmIcCyPUt4L82OK47Iw=="
      },
      "CommunityToolkit.WinUI.Animations": {
        "type": "Transitive",
        "resolved": "8.0.230907",
        "contentHash": "ZaTG1kK8tNUxFRAMtgYRTy3gKCSiByzm33TTZsW85GSPnQJssKaY4IPxhVFYYouLf6m1bzqPd/5YrOHOrq4L5w==",
        "dependencies": {
          "CommunityToolkit.WinUI.Extensions": "8.0.230907",
          "Microsoft.Windows.SDK.BuildTools": "10.0.22621.756",
          "Microsoft.WindowsAppSDK": "1.3.230331000"
        }
      },
      "CommunityToolkit.WinUI.Extensions": {
        "type": "Transitive",
        "resolved": "8.0.230907",
        "contentHash": "fNbNqyfzuq+o1j6pSifa8wL288XqW0UTI+XwCpf702LCZpIr3xvGbmAjg0BTBEOs3Um/VWTVj21Cm9tRZaY8qw==",
        "dependencies": {
          "CommunityToolkit.Common": "8.2.1",
          "Microsoft.Windows.SDK.BuildTools": "10.0.22621.756",
          "Microsoft.WindowsAppSDK": "1.3.230331000"
        }
      },
      "Grpc.Core.Api": {
        "type": "Transitive",
        "resolved": "2.83.0",
        "contentHash": "xU8BT2bCw4Ct+/qIFJhhjkDEilKUbBOfp4US7l3Xa3hnlkN9l2LgISCbOw4PFYpW5jJFcK7FUAyWOFIQ94Hiqg=="
      },
      "Grpc.Net.Common": {
        "type": "Transitive",
        "resolved": "2.83.0",
        "contentHash": "9w52xxORdIGu4Mm8lff3psMIlarenu+7TC4uIfiiW9AyaHZ6iPE/18gIkG1DD9byGDuhjuhnN9hiviBUAmCuZw==",
        "dependencies": {
          "Grpc.Core.Api": "2.83.0"
        }
      },
      "Microsoft.Extensions.DependencyInjection.Abstractions": {
        "type": "Transitive",
        "resolved": "8.0.0",
        "contentHash": "cjWrLkJXK0rs4zofsK4bSdg+jhDLTaxrkXu4gS6Y7MAlCvRyNNgwY/lJi5RDlQOnSZweHqoyvgvbdvQsRIW+hg=="
      },
      "Microsoft.Extensions.Logging.Abstractions": {
        "type": "Transitive",
        "resolved": "8.0.0",
        "contentHash": "arDBqTgFCyS0EvRV7O3MZturChstm50OJ0y9bDJvAcmEPJm0FFpFyjU/JLYyStNGGey081DvnQYlncNX5SJJGA==",
        "dependencies": {
          "Microsoft.Extensions.DependencyInjection.Abstractions": "8.0.0"
        }
      },
      "Microsoft.Web.WebView2": {
        "type": "Transitive",
        "resolved": "1.0.3179.45",
        "contentHash": "3pokSH5CnN0G6rGhGFo1y87inxYhNxBQ2Vdf0wlvBj99KHxQJormjDACmqRnFeUsmuNFIhWwfAL1ztq7wD5qRA=="
      },
      "Microsoft.Windows.SDK.BuildTools.MSIX": {
        "type": "Transitive",
        "resolved": "1.7.20250829.1",
        "contentHash": "IMdvRmCIZnBS5GkYnv0po1bcx6U1OF39pqA4TphQ9evDzpCRoSE19/PkDvlUNNrBavTsLIEJgd/TAIFner75ow=="
      },
      "Microsoft.WindowsAppSDK.AI": {
        "type": "Transitive",
        "resolved": "1.8.39",
        "contentHash": "jYx8PqQZjB59MU+/IcelwWa0iUnNYkSIWyirDLb50/6uaSVK+FMKsdvV5ZxVuQmBIBUjqReOLRAdlsxxOVAE1Q==",
        "dependencies": {
          "Microsoft.WindowsAppSDK.Base": "1.8.250831001",
          "Microsoft.WindowsAppSDK.Foundation": "1.8.251104000"
        }
      },
      "Microsoft.WindowsAppSDK.Base": {
        "type": "Transitive",
        "resolved": "1.8.250831001",
        "contentHash": "8LlfXBS2Hpw+OoVXViJmIOPXl0nMbqMaFR3j6+QHFNc62VULwPEcXiMRcP2WbV/+mtC7W2LH6yx6uu/Hrr9lVw==",
        "dependencies": {
          "Microsoft.Windows.SDK.BuildTools": "10.0.26100.4654",
          "Microsoft.Windows.SDK.BuildTools.MSIX": "1.7.20250829.1"
        }
      },
      "Microsoft.WindowsAppSDK.DWrite": {
        "type": "Transitive",
        "resolved": "1.8.25090401",
        "contentHash": "WJ0p9yMgiNYqU2O5ZKCXcb7FBjryIUUopgeYMvnlf1yBUYgdjMFMkoJqYVqkz866wnntiB2IZhLxEzhFzvVs1A==",
        "dependencies": {
          "Microsoft.WindowsAppSDK.Base": "1.8.250831001"
        }
      },
      "Microsoft.WindowsAppSDK.Foundation": {
        "type": "Transitive",
        "resolved": "1.8.251104000",
        "contentHash": "vvL3zpC8klGcaxUA7RbMuUMVAABD7jEMFhNKGAewOvey18i64mslbU0aIQM3+Bu4tQKsaGXSWYrJFsAU/Op4OA==",
        "dependencies": {
          "Microsoft.WindowsAppSDK.Base": "1.8.250831001",
          "Microsoft.WindowsAppSDK.InteractiveExperiences": "1.8.251104001"
        }
      },
      "Microsoft.WindowsAppSDK.InteractiveExperiences": {
        "type": "Transitive",
        "resolved": "1.8.251104001",
        "contentHash": "t4Vs1eMJqUpa5CbZ5SvO4j5VdyhNwtarNfYJAWar8dHejpNol3g+/t0l0ovKye+DKQpinWdGkuQSUX8Oc8M3ug==",
        "dependencies": {
          "Microsoft.WindowsAppSDK.Base": "1.8.250831001"
        }
      },
      "Microsoft.WindowsAppSDK.ML": {
        "type": "Transitive",
        "resolved": "1.8.2109",
        "contentHash": "gfsSXBJrlsfnl1IID3AEasUvZXFFZk6n4iD2JP5BfheySaoWr/1JJVbqKYyRr7APe2kRzyztVW3eaj7KMfgR5A==",
        "dependencies": {
          "Microsoft.WindowsAppSDK.Base": "1.8.250831001",
          "Microsoft.WindowsAppSDK.Foundation": "1.8.251104000",
          "System.Numerics.Tensors": "9.0.0"
        }
      },
      "Microsoft.WindowsAppSDK.Runtime": {
        "type": "Transitive",
        "resolved": "1.8.251106002",
        "contentHash": "5piaqsoXOTFXdtiGoqLhVPkG0HE3UD0g/S4D2i7I8MPO48eoaESJ4y/oUHzZFmSaqLQROWe8NJ9rXXNxxiL/gw==",
        "dependencies": {
          "Microsoft.WindowsAppSDK.Base": "1.8.250831001"
        }
      },
      "Microsoft.WindowsAppSDK.Widgets": {
        "type": "Transitive",
        "resolved": "1.8.250904007",
        "contentHash": "sgwdXYhb8S4JjBmWWiFxALT1xK0fJeAbisolctmodMX7tlvBXDgUyvl/GHfTQ61DGIiW+kokX61WR46L2YlhAA==",
        "dependencies": {
          "Microsoft.WindowsAppSDK.Base": "1.8.250831001"
        }
      },
      "Microsoft.WindowsAppSDK.WinUI": {
        "type": "Transitive",
        "resolved": "1.8.251105000",
        "contentHash": "G/f0Z27ALjjrrfjCUPxPSBkG6eLB20pBja8AFIOI87oYMGUKGwuMuZn7LqPkeQJMFPo04FonfljdJCIpsfnnbw==",
        "dependencies": {
          "Microsoft.Web.WebView2": "1.0.3179.45",
          "Microsoft.WindowsAppSDK.Base": "1.8.250831001",
          "Microsoft.WindowsAppSDK.Foundation": "1.8.251104000",
          "Microsoft.WindowsAppSDK.InteractiveExperiences": "1.8.251104001"
        }
      },
      "System.Numerics.Tensors": {
        "type": "Transitive",
        "resolved": "9.0.0",
        "contentHash": "hyJB4UlpAi19Xr9AXzu2NuagKC4lPfHObNMEAA0HmqFz2rX7wKgzeYzO/jM/eBHDhnUGFFEjk5cOoJaxqg5J4A=="
      },
      "trenchhq.onchain.yellowstone": {
        "type": "Project",
        "dependencies": {
          "Google.Protobuf": "[3.36.0, )",
          "Grpc.Core.Api": "[2.83.0, )"
        }
      }
    },
    "net8.0-windows10.0.19041/win-x64": {
      "Microsoft.Graphics.Win2D": {
        "type": "Direct",
        "requested": "[1.3.2, )",
        "resolved": "1.3.2",
        "contentHash": "xAv4+Xj8wePW1innIUSXebX6UHMGDzOxwKPwYNUNY7mBrsRL/hPFEtuPLpBSxc3iBnuaCogPDCDeN7T4b1xV0Q==",
        "dependencies": {
          "Microsoft.WindowsAppSDK": "1.6.241114003"
        }
      },
      "Microsoft.Web.WebView2": {
        "type": "Transitive",
        "resolved": "1.0.3179.45",
        "contentHash": "3pokSH5CnN0G6rGhGFo1y87inxYhNxBQ2Vdf0wlvBj99KHxQJormjDACmqRnFeUsmuNFIhWwfAL1ztq7wD5qRA=="
      },
      "Microsoft.WindowsAppSDK.Foundation": {
        "type": "Transitive",
        "resolved": "1.8.251104000",
        "contentHash": "vvL3zpC8klGcaxUA7RbMuUMVAABD7jEMFhNKGAewOvey18i64mslbU0aIQM3+Bu4tQKsaGXSWYrJFsAU/Op4OA==",
        "dependencies": {
          "Microsoft.WindowsAppSDK.Base": "1.8.250831001",
          "Microsoft.WindowsAppSDK.InteractiveExperiences": "1.8.251104001"
        }
      }
    }
  }
}